
Microsoft Visual Studio Solution File, Format Version 12.00
# Visual Studio Version 17
VisualStudioVersion = 17.8.34330.188
MinimumVisualStudioVersion = 10.0.40219.1
Project("{FAE04EC0-301F-11D3-BF4B-00C04F79EFBC}") = "Grupp upgift Grupp4", "Grupp upgift Grupp4\Grupp upgift Grupp4.csproj", "{5EBE38A3-DFAC-42D4-8BE5-4A1CC11E95B7}"
EndProject
Global
	GlobalSection(SolutionConfigurationPlatforms) = preSolution
		Debug|Any CPU = Debug|Any CPU
		Release|Any CPU = Release|Any CPU
	EndGlobalSection
	GlobalSection(ProjectConfigurationPlatforms) = postSolution
		{5EBE38A3-DFAC-42D4-8BE5-4A1CC11E95B7}.Debug|Any CPU.ActiveCfg = Debug|Any CPU
		{5EBE38A3-DFAC-42D4-8BE5-4A1CC11E95B7}.Debug|Any CPU.Build.0 = Debug|Any CPU
		{5EBE38A3-DFAC-42D4-8BE5-4A1CC11E95B7}.Release|Any CPU.ActiveCfg = Release|Any CPU
		{5EBE38A3-DFAC-42D4-8BE5-4A1CC11E95B7}.Release|Any CPU.Build.0 = Release|Any CPU
	EndGlobalSection
	GlobalSection(SolutionProperties) = preSolution
		HideSolutionNode = FALSE
	EndGlobalSection
	GlobalSection(ExtensibilityGlobals) = postSolution
		SolutionGuid = {ADF8807D-ACB6-481D-A697-82168DCB15F6}
	EndGlobalSection
EndGlobal
